
Microsoft Visual Studio Solution File, Format Version 12.00
# Visual Studio Version 17
VisualStudioVersion = 17.11.35222.181
MinimumVisualStudioVersion = 10.0.40219.1
Project("{9A19103F-16F7-4668-BE54-9A1E7A4F7556}") = "CandidateManagement_LeQuangLong", "CandidateManagement_LeQuangLong\CandidateManagement_LeQuangLong.csproj", "{25299CA4-C2A5-493B-8B36-79FC2A6A4037}"
EndProject
Project("{9A19103F-16F7-4668-BE54-9A1E7A4F7556}") = "Candidate_BusinessObject", "Candidate_BusinessObject\Candidate_BusinessObject.csproj", "{0979EABA-2AEE-4DD1-86CC-27071E4999A1}"
EndProject
Project("{9A19103F-16F7-4668-BE54-9A1E7A4F7556}") = "Candidate_Repositories", "Candidate_Repository\Candidate_Repositories.csproj", "{57699FA7-3512-4AFE-94B5-56D20176B9D2}"
EndProject
Project("{9A19103F-16F7-4668-BE54-9A1E7A4F7556}") = "Candidate_Services", "Candidate_Services\Candidate_Services.csproj", "{335772CA-0637-48CE-A417-B1BAF66F0CF6}"
EndProject
Project("{9A19103F-16F7-4668-BE54-9A1E7A4F7556}") = "Candidate_DAOs", "Candidate_DAOs\Candidate_DAOs.csproj", "{97BAF7B1-C004-4375-BFE0-E9927B0C30A1}"
EndProject
Global
	GlobalSection(SolutionConfigurationPlatforms) = preSolution
		Debug|Any CPU = Debug|Any CPU
		Release|Any CPU = Release|Any CPU
	EndGlobalSection
	GlobalSection(ProjectConfigurationPlatforms) = postSolution
		{25299CA4-C2A5-493B-8B36-79FC2A6A4037}.Debug|Any CPU.ActiveCfg = Debug|Any CPU
		{25299CA4-C2A5-493B-8B36-79FC2A6A4037}.Debug|Any CPU.Build.0 = Debug|Any CPU
		{25299CA4-C2A5-493B-8B36-79FC2A6A4037}.Release|Any CPU.ActiveCfg = Release|Any CPU
		{25299CA4-C2A5-493B-8B36-79FC2A6A4037}.Release|Any CPU.Build.0 = Release|Any CPU
		{0979EABA-2AEE-4DD1-86CC-27071E4999A1}.Debug|Any CPU.ActiveCfg = Debug|Any CPU
		{0979EABA-2AEE-4DD1-86CC-27071E4999A1}.Debug|Any CPU.Build.0 = Debug|Any CPU
		{0979EABA-2AEE-4DD1-86CC-27071E4999A1}.Release|Any CPU.ActiveCfg = Release|Any CPU
		{0979EABA-2AEE-4DD1-86CC-27071E4999A1}.Release|Any CPU.Build.0 = Release|Any CPU
		{57699FA7-3512-4AFE-94B5-56D20176B9D2}.Debug|Any CPU.ActiveCfg = Debug|Any CPU
		{57699FA7-3512-4AFE-94B5-56D20176B9D2}.Debug|Any CPU.Build.0 = Debug|Any CPU
		{57699FA7-3512-4AFE-94B5-56D20176B9D2}.Release|Any CPU.ActiveCfg = Release|Any CPU
		{57699FA7-3512-4AFE-94B5-56D20176B9D2}.Release|Any CPU.Build.0 = Release|Any CPU
		{335772CA-0637-48CE-A417-B1BAF66F0CF6}.Debug|Any CPU.ActiveCfg = Debug|Any CPU
		{335772CA-0637-48CE-A417-B1BAF66F0CF6}.Debug|Any CPU.Build.0 = Debug|Any CPU
		{335772CA-0637-48CE-A417-B1BAF66F0CF6}.Release|Any CPU.ActiveCfg = Release|Any CPU
		{335772CA-0637-48CE-A417-B1BAF66F0CF6}.Release|Any CPU.Build.0 = Release|Any CPU
		{97BAF7B1-C004-4375-BFE0-E9927B0C30A1}.Debug|Any CPU.ActiveCfg = Debug|Any CPU
		{97BAF7B1-C004-4375-BFE0-E9927B0C30A1}.Debug|Any CPU.Build.0 = Debug|Any CPU
		{97BAF7B1-C004-4375-BFE0-E9927B0C30A1}.Release|Any CPU.ActiveCfg = Release|Any CPU
		{97BAF7B1-C004-4375-BFE0-E9927B0C30A1}.Release|Any CPU.Build.0 = Release|Any CPU
	EndGlobalSection
	GlobalSection(SolutionProperties) = preSolution
		HideSolutionNode = FALSE
	EndGlobalSection
	GlobalSection(ExtensibilityGlobals) = postSolution
		SolutionGuid = {661B8EEB-324B-48E4-A02E-705958B75CFB}
	EndGlobalSection
EndGlobal
